
Microsoft Visual Studio Solution File, Format Version 12.00
# Visual Studio 15
VisualStudioVersion = 15.0.27703.2035
MinimumVisualStudioVersion = 10.0.40219.1
Project("{9A19103F-16F7-4668-BE54-9A1E7A4F7556}") = "InCaseOf", "InCaseOf\InCaseOf.csproj", "{E34C1CA7-9B42-4496-86B4-57C4B1B75255}"
EndProject
Project("{9A19103F-16F7-4668-BE54-9A1E7A4F7556}") = "ConsoleApp1", "ConsoleApp1\ConsoleApp1.csproj", "{11221A5A-C520-4A0A-AE96-BD13E548CEB2}"
EndProject
Project("{FAE04EC0-301F-11D3-BF4B-00C04F79EFBC}") = "Factory", "Factory\Factory.csproj", "{16F2F16E-E250-4866-BFE8-D69720CA2BFD}"
EndProject
Project("{FAE04EC0-301F-11D3-BF4B-00C04F79EFBC}") = "Composite", "Composite\Composite.csproj", "{73D05FB0-4B10-4217-B838-ED380A10CB2F}"
EndProject
Project("{FAE04EC0-301F-11D3-BF4B-00C04F79EFBC}") = "Observer", "Observer\Observer.csproj", "{9E45BC07-2A93-4F66-BAA1-D016440E31BC}"
EndProject
Project("{FAE04EC0-301F-11D3-BF4B-00C04F79EFBC}") = "Singleton", "Singleton\Singleton.csproj", "{9F28FB5E-4BAF-49F4-A82D-2D58C725D45B}"
EndProject
Project("{FAE04EC0-301F-11D3-BF4B-00C04F79EFBC}") = "Strategy", "Strategy\Strategy.csproj", "{05DF3144-151D-4A46-A703-51F6AF99310E}"
EndProject
Project("{FAE04EC0-301F-11D3-BF4B-00C04F79EFBC}") = "State", "State\State.csproj", "{7CAF0848-CEF8-4EAF-8657-D5CA97540EB0}"
EndProject
Project("{FAE04EC0-301F-11D3-BF4B-00C04F79EFBC}") = "Decorator", "Decorator\Decorator.csproj", "{EE9D3EAA-283E-4C57-9CCB-C53762102403}"
EndProject
Project("{FAE04EC0-301F-11D3-BF4B-00C04F79EFBC}") = "Facade", "Facade\Facade.csproj", "{72DD5ECE-8667-4F6E-8781-CBABB0B207D7}"
EndProject
Global
	GlobalSection(SolutionConfigurationPlatforms) = preSolution
		Debug|Any CPU = Debug|Any CPU
		Release|Any CPU = Release|Any CPU
	EndGlobalSection
	GlobalSection(ProjectConfigurationPlatforms) = postSolution
		{E34C1CA7-9B42-4496-86B4-57C4B1B75255}.Debug|Any CPU.ActiveCfg = Debug|Any CPU
		{E34C1CA7-9B42-4496-86B4-57C4B1B75255}.Debug|Any CPU.Build.0 = Debug|Any CPU
		{E34C1CA7-9B42-4496-86B4-57C4B1B75255}.Release|Any CPU.ActiveCfg = Release|Any CPU
		{E34C1CA7-9B42-4496-86B4-57C4B1B75255}.Release|Any CPU.Build.0 = Release|Any CPU
		{11221A5A-C520-4A0A-AE96-BD13E548CEB2}.Debug|Any CPU.ActiveCfg = Debug|Any CPU
		{11221A5A-C520-4A0A-AE96-BD13E548CEB2}.Debug|Any CPU.Build.0 = Debug|Any CPU
		{11221A5A-C520-4A0A-AE96-BD13E548CEB2}.Release|Any CPU.ActiveCfg = Release|Any CPU
		{11221A5A-C520-4A0A-AE96-BD13E548CEB2}.Release|Any CPU.Build.0 = Release|Any CPU
		{16F2F16E-E250-4866-BFE8-D69720CA2BFD}.Debug|Any CPU.ActiveCfg = Debug|Any CPU
		{16F2F16E-E250-4866-BFE8-D69720CA2BFD}.Debug|Any CPU.Build.0 = Debug|Any CPU
		{16F2F16E-E250-4866-BFE8-D69720CA2BFD}.Release|Any CPU.ActiveCfg = Release|Any CPU
		{16F2F16E-E250-4866-BFE8-D69720CA2BFD}.Release|Any CPU.Build.0 = Release|Any CPU
		{73D05FB0-4B10-4217-B838-ED380A10CB2F}.Debug|Any CPU.ActiveCfg = Debug|Any CPU
		{73D05FB0-4B10-4217-B838-ED380A10CB2F}.Debug|Any CPU.Build.0 = Debug|Any CPU
		{73D05FB0-4B10-4217-B838-ED380A10CB2F}.Release|Any CPU.ActiveCfg = Release|Any CPU
		{73D05FB0-4B10-4217-B838-ED380A10CB2F}.Release|Any CPU.Build.0 = Release|Any CPU
		{9E45BC07-2A93-4F66-BAA1-D016440E31BC}.Debug|Any CPU.ActiveCfg = Debug|Any CPU
		{9E45BC07-2A93-4F66-BAA1-D016440E31BC}.Debug|Any CPU.Build.0 = Debug|Any CPU
		{9E45BC07-2A93-4F66-BAA1-D016440E31BC}.Release|Any CPU.ActiveCfg = Release|Any CPU
		{9E45BC07-2A93-4F66-BAA1-D016440E31BC}.Release|Any CPU.Build.0 = Release|Any CPU
		{9F28FB5E-4BAF-49F4-A82D-2D58C725D45B}.Debug|Any CPU.ActiveCfg = Debug|Any CPU
		{9F28FB5E-4BAF-49F4-A82D-2D58C725D45B}.Debug|Any CPU.Build.0 = Debug|Any CPU
		{9F28FB5E-4BAF-49F4-A82D-2D58C725D45B}.Release|Any CPU.ActiveCfg = Release|Any CPU
		{9F28FB5E-4BAF-49F4-A82D-2D58C725D45B}.Release|Any CPU.Build.0 = Release|Any CPU
		{05DF3144-151D-4A46-A703-51F6AF99310E}.Debug|Any CPU.ActiveCfg = Debug|Any CPU
		{05DF3144-151D-4A46-A703-51F6AF99310E}.Debug|Any CPU.Build.0 = Debug|Any CPU
		{05DF3144-151D-4A46-A703-51F6AF99310E}.Release|Any CPU.ActiveCfg = Release|Any CPU
		{05DF3144-151D-4A46-A703-51F6AF99310E}.Release|Any CPU.Build.0 = Release|Any CPU
		{7CAF0848-CEF8-4EAF-8657-D5CA97540EB0}.Debug|Any CPU.ActiveCfg = Debug|Any CPU
		{7CAF0848-CEF8-4EAF-8657-D5CA97540EB0}.Debug|Any CPU.Build.0 = Debug|Any CPU
		{7CAF0848-CEF8-4EAF-8657-D5CA97540EB0}.Release|Any CPU.ActiveCfg = Release|Any CPU
		{7CAF0848-CEF8-4EAF-8657-D5CA97540EB0}.Release|Any CPU.Build.0 = Release|Any CPU
		{EE9D3EAA-283E-4C57-9CCB-C53762102403}.Debug|Any CPU.ActiveCfg = Debug|Any CPU
		{EE9D3EAA-283E-4C57-9CCB-C53762102403}.Debug|Any CPU.Build.0 = Debug|Any CPU
		{EE9D3EAA-283E-4C57-9CCB-C53762102403}.Release|Any CPU.ActiveCfg = Release|Any CPU
		{EE9D3EAA-283E-4C57-9CCB-C53762102403}.Release|Any CPU.Build.0 = Release|Any CPU
		{72DD5ECE-8667-4F6E-8781-CBABB0B207D7}.Debug|Any CPU.ActiveCfg = Debug|Any CPU
		{72DD5ECE-8667-4F6E-8781-CBABB0B207D7}.Debug|Any CPU.Build.0 = Debug|Any CPU
		{72DD5ECE-8667-4F6E-8781-CBABB0B207D7}.Release|Any CPU.ActiveCfg = Release|Any CPU
		{72DD5ECE-8667-4F6E-8781-CBABB0B207D7}.Release|Any CPU.Build.0 = Release|Any CPU
	EndGlobalSection
	GlobalSection(SolutionProperties) = preSolution
		HideSolutionNode = FALSE
	EndGlobalSection
	GlobalSection(ExtensibilityGlobals) = postSolution
		SolutionGuid = {828325A2-3168-4039-89B5-8B3F80AB8CB5}
	EndGlobalSection
EndGlobal
